
Microsoft Visual Studio Solution File, Format Version 12.00
# Visual Studio Version 16
VisualStudioVersion = 16.0.29905.134
MinimumVisualStudioVersion = 10.0.40219.1
Project("{FAE04EC0-301F-11D3-BF4B-00C04F79EFBC}") = "Skoll", "Skoll\Skoll.csproj", "{C630251F-E1AB-4F73-B461-3C869FD73409}"
EndProject
Global
	GlobalSection(SolutionConfigurationPlatforms) = preSolution
		Debug|Any CPU = Debug|Any CPU
		Release|Any CPU = Release|Any CPU
	EndGlobalSection
	GlobalSection(ProjectConfigurationPlatforms) = postSolution
		{C630251F-E1AB-4F73-B461-3C869FD73409}.Debug|Any CPU.ActiveCfg = Debug|Any CPU
		{C630251F-E1AB-4F73-B461-3C869FD73409}.Debug|Any CPU.Build.0 = Debug|Any CPU
		{C630251F-E1AB-4F73-B461-3C869FD73409}.Release|Any CPU.ActiveCfg = Release|Any CPU
		{C630251F-E1AB-4F73-B461-3C869FD73409}.Release|Any CPU.Build.0 = Release|Any CPU
	EndGlobalSection
	GlobalSection(SolutionProperties) = preSolution
		HideSolutionNode = FALSE
	EndGlobalSection
	GlobalSection(ExtensibilityGlobals) = postSolution
		SolutionGuid = {A408BD1A-A2D9-4B52-B5BD-A1855A4D5510}
	EndGlobalSection
EndGlobal
